
Microsoft Visual Studio Solution File, Format Version 12.00
# Visual Studio Version 16
VisualStudioVersion = 16.0.30204.135
MinimumVisualStudioVersion = 10.0.40219.1
Project("{FAE04EC0-301F-11D3-BF4B-00C04F79EFBC}") = "AdvancedTestsWithAppInsights", "AdvancedTestsWithAppInsights\AdvancedTestsWithAppInsights.csproj", "{67548550-29CD-4A2C-9B8A-0BB1CABE6413}"
EndProject
Global
	GlobalSection(SolutionConfigurationPlatforms) = preSolution
		Debug|Any CPU = Debug|Any CPU
		Release|Any CPU = Release|Any CPU
	EndGlobalSection
	GlobalSection(ProjectConfigurationPlatforms) = postSolution
		{67548550-29CD-4A2C-9B8A-0BB1CABE6413}.Debug|Any CPU.ActiveCfg = Debug|Any CPU
		{67548550-29CD-4A2C-9B8A-0BB1CABE6413}.Debug|Any CPU.Build.0 = Debug|Any CPU
		{67548550-29CD-4A2C-9B8A-0BB1CABE6413}.Release|Any CPU.ActiveCfg = Release|Any CPU
		{67548550-29CD-4A2C-9B8A-0BB1CABE6413}.Release|Any CPU.Build.0 = Release|Any CPU
	EndGlobalSection
	GlobalSection(SolutionProperties) = preSolution
		HideSolutionNode = FALSE
	EndGlobalSection
	GlobalSection(ExtensibilityGlobals) = postSolution
		SolutionGuid = {4DB475C4-9560-474D-8CDA-A294D734557A}
	EndGlobalSection
EndGlobal
